
Microsoft Visual Studio Solution File, Format Version 11.00
# Visual Studio 2010
Project("{FAE04EC0-301F-11D3-BF4B-00C04F79EFBC}") = "Darkest Dungeon Take2", "Assembly-CSharp.csproj", "{5B1A4B2B-4943-F703-384A-8ADEC75E6413}"
EndProject
Project("{FAE04EC0-301F-11D3-BF4B-00C04F79EFBC}") = "Darkest Dungeon Take2", "Assembly-CSharp-Editor.csproj", "{BB911C87-7430-E501-1543-885848BDE6AD}"
EndProject
Global
	GlobalSection(SolutionConfigurationPlatforms) = preSolution
		Debug|Any CPU = Debug|Any CPU
		Release|Any CPU = Release|Any CPU
	EndGlobalSection
	GlobalSection(ProjectConfigurationPlatforms) = postSolution
		{5B1A4B2B-4943-F703-384A-8ADEC75E6413}.Debug|Any CPU.ActiveCfg = Debug|Any CPU
		{5B1A4B2B-4943-F703-384A-8ADEC75E6413}.Debug|Any CPU.Build.0 = Debug|Any CPU
		{5B1A4B2B-4943-F703-384A-8ADEC75E6413}.Release|Any CPU.ActiveCfg = Release|Any CPU
		{5B1A4B2B-4943-F703-384A-8ADEC75E6413}.Release|Any CPU.Build.0 = Release|Any CPU
		{BB911C87-7430-E501-1543-885848BDE6AD}.Debug|Any CPU.ActiveCfg = Debug|Any CPU
		{BB911C87-7430-E501-1543-885848BDE6AD}.Debug|Any CPU.Build.0 = Debug|Any CPU
		{BB911C87-7430-E501-1543-885848BDE6AD}.Release|Any CPU.ActiveCfg = Release|Any CPU
		{BB911C87-7430-E501-1543-885848BDE6AD}.Release|Any CPU.Build.0 = Release|Any CPU
	EndGlobalSection
	GlobalSection(SolutionProperties) = preSolution
		HideSolutionNode = FALSE
	EndGlobalSection
	GlobalSection(MonoDevelopProperties) = preSolution
		StartupItem = Assembly-CSharp.csproj
	EndGlobalSection
EndGlobal
